Microsoft Visual Studio Solution File, Format Version 12.00
# Visual Studio 2013
VisualStudioVersion = 12.0.40629.0
MinimumVisualStudioVersion = 10.0.40219.1
Project("{2150E333-8FDC-42A3-9474-1A3956D46DE8}") = "SolutionFiles", "SolutionFiles", "{983D0523-5DD8-4752-AE5A-63A63F1BD6F0}"
	ProjectSection(SolutionItems) = preProject
		Excel.4.5.dll = Excel.4.5.dll
		Fasterflect.dll = Fasterflect.dll
		log4net.dll = log4net.dll
	EndProjectSection
EndProject
Project("{FAE04EC0-301F-11D3-BF4B-00C04F79EFBC}") = "Stardust", "Stardust.Core\Stardust.csproj", "{43B8A582-ECD0-40CF-8C43-0458C99EADF9}"
EndProject
Project("{FAE04EC0-301F-11D3-BF4B-00C04F79EFBC}") = "Stardust.Core.CrossCuttingTest", "Stardust.Core.CrossCuttingTest\Stardust.Core.CrossCuttingTest.csproj", "{E7B5173C-0F29-435A-9C1E-6BFB70FCAB96}"
EndProject
Project("{2150E333-8FDC-42A3-9474-1A3956D46DE8}") = "TestImplementations", "TestImplementations", "{1870B783-DCCB-4462-9003-5B6C2071B8F1}"
EndProject
Project("{FAE04EC0-301F-11D3-BF4B-00C04F79EFBC}") = "ILoggingDummyImp", "ILoggingDummyImp\ILoggingDummyImp.csproj", "{C2619919-790C-4BEA-A71D-09204800F42A}"
EndProject
Project("{2150E333-8FDC-42A3-9474-1A3956D46DE8}") = "Solution Items", "Solution Items", "{F7B516F0-D6DD-4F08-8B86-69B6EC385016}"
	ProjectSection(SolutionItems) = preProject
		CodeCoverage.testsettings = CodeCoverage.testsettings
		nuspec.xsd = nuspec.xsd
		stardust.xsd = stardust.xsd
	EndProjectSection
EndProject
Project("{FAE04EC0-301F-11D3-BF4B-00C04F79EFBC}") = "testClient", "testClient\testClient.csproj", "{14F19714-967F-4707-8EB9-9C94626AA4D5}"
EndProject
Project("{FAE04EC0-301F-11D3-BF4B-00C04F79EFBC}") = "Stardust.Core.ServicesTest", "Stardust.Core.ServicesTest\Stardust.Core.ServicesTest.csproj", "{48912721-7F69-4B72-B242-654761298787}"
EndProject
Project("{2150E333-8FDC-42A3-9474-1A3956D46DE8}") = "Service tests", "Service tests", "{821EA8A6-6936-46F0-9CA0-5B93D19F1EF7}"
EndProject
Project("{2150E333-8FDC-42A3-9474-1A3956D46DE8}") = ".nuget", ".nuget", "{A8A02FF8-BCDF-4B40-BF61-B4C97A11AFDF}"
	ProjectSection(SolutionItems) = preProject
		.nuget\NuGet.Config = .nuget\NuGet.Config
		.nuget\NuGet.exe = .nuget\NuGet.exe
		.nuget\NuGet.targets = .nuget\NuGet.targets
	EndProjectSection
EndProject
Project("{2150E333-8FDC-42A3-9474-1A3956D46DE8}") = "Documentation", "Documentation", "{4E452E03-43C0-4B64-9252-EB8809B8BD54}"
EndProject
Project("{F088123C-0E9E-452A-89E6-6BA2F21D5CAC}") = "Stardust.Core.Service.Documentation", "Stardust.Core.Service.Documentation\Stardust.Core.Service.Documentation.modelproj", "{65C15A3A-8B94-4C1E-A800-CBDBC04A5D82}"
EndProject
Project("{FAE04EC0-301F-11D3-BF4B-00C04F79EFBC}") = "Stardust.Core.Automation", "Stardust.Core.Automation\Stardust.Core.Automation.csproj", "{E5ABF737-E26D-4FAD-A2FE-632CA985C85B}"
EndProject
Project("{FAE04EC0-301F-11D3-BF4B-00C04F79EFBC}") = "Stardust.Core.Default.Implementations", "Stardust.Core.Default.Implementations\Stardust.Core.Default.Implementations.csproj", "{DCA9421B-1581-43BB-BEEB-6788677823B8}"
EndProject
Project("{FAE04EC0-301F-11D3-BF4B-00C04F79EFBC}") = "Stardust.Starterkit.Configuration.Repository", "Stardust.Starterkit.Configuration.Repository\Stardust.Starterkit.Configuration.Repository.csproj", "{4BF95275-C07A-4C62-AF87-185EAA89BF50}"
EndProject
Project("{FAE04EC0-301F-11D3-BF4B-00C04F79EFBC}") = "Stardust.Starterkit.Configuration.Business", "Stardust.Starterkit.Configuration.Business\Stardust.Starterkit.Configuration.Business.csproj", "{A0BAE4D7-763C-44BF-82FD-31DB0DFDD881}"
EndProject
Project("{FAE04EC0-301F-11D3-BF4B-00C04F79EFBC}") = "Stardust.Starterkit.Configuration.Tests", "Stardust.Starterkit.Configuration.Tests\Stardust.Starterkit.Configuration.Tests.csproj", "{21191EEE-C16F-4CC8-89C0-A9ADEF11CC45}"
EndProject
Project("{2150E333-8FDC-42A3-9474-1A3956D46DE8}") = "Stardust.Starterkit", "Stardust.Starterkit", "{BDF688A8-743F-4D4F-9F6B-1B8777FD2EAA}"
EndProject
Project("{2150E333-8FDC-42A3-9474-1A3956D46DE8}") = "Configuration", "Configuration", "{9516E2C2-A928-4289-945E-8DE02CF3AEBD}"
EndProject
Project("{FAE04EC0-301F-11D3-BF4B-00C04F79EFBC}") = "Stardust.Starterkit.Configuration.Web", "Stardust.Starterkit.Configuration.Web\Stardust.Starterkit.Configuration.Web.csproj", "{0E6E90B8-E4E2-4DD7-B41A-411CBD2541F4}"
EndProject
Project("{FAE04EC0-301F-11D3-BF4B-00C04F79EFBC}") = "Stardust.Core.ServiceLocatorAdapter", "Stardust.Core.ServiceLocatorAdapter\Stardust.Core.ServiceLocatorAdapter.csproj", "{3E85F2FE-E504-4872-83C3-615BBDE20AAC}"
EndProject
Project("{FAE04EC0-301F-11D3-BF4B-00C04F79EFBC}") = "Stardust.Core.Service.Web", "Stardust.Core.Service.Web\Stardust.Core.Service.Web.csproj", "{3ED283E5-3038-48D4-8C75-AA168D543D97}"
EndProject
Project("{2150E333-8FDC-42A3-9474-1A3956D46DE8}") = "TestConnectors", "TestConnectors", "{7E900BCA-29C3-4A70-A00B-FC8710E0E091}"
EndProject
Project("{FAE04EC0-301F-11D3-BF4B-00C04F79EFBC}") = "Stardust.Core.Test.MsTest", "Stardust.Core.Test.MsTest\Stardust.Core.Test.MsTest.csproj", "{C6822437-03B8-413E-8B28-4B1FFBA11E3A}"
EndProject
Project("{FAE04EC0-301F-11D3-BF4B-00C04F79EFBC}") = "LoadTest", "LoadTest\LoadTest.csproj", "{BB5746A3-EC28-4882-BDFA-1BA67CD91FD2}"
EndProject
Project("{2150E333-8FDC-42A3-9474-1A3956D46DE8}") = "NuGetPackages", "NuGetPackages", "{A2F37E64-A713-4679-8E04-DC27BD2767F2}"
EndProject
Project("{FAE04EC0-301F-11D3-BF4B-00C04F79EFBC}") = "Stardust.Private.Nuget.Server", "Stardust.Private.Nuget.Server\Stardust.Private.Nuget.Server.csproj", "{C703C781-CB13-4595-8B54-31EFE121028E}"
EndProject
Project("{2150E333-8FDC-42A3-9474-1A3956D46DE8}") = "IocIntegration", "IocIntegration", "{386D578F-22DB-4DA2-95FD-971257218074}"
EndProject
Project("{FAE04EC0-301F-11D3-BF4B-00C04F79EFBC}") = "Stardust.Core.AutoFac", "Stardust.Core.AutoFac\Stardust.Core.AutoFac.csproj", "{5D1C9B85-82A1-484D-B93E-4A532959B9F7}"
EndProject
Project("{FAE04EC0-301F-11D3-BF4B-00C04F79EFBC}") = "Stardust.Core.Autofac.Tests", "Stardust.Core.Autofac.Tests\Stardust.Core.Autofac.Tests.csproj", "{4FE57988-F36D-45C5-A09F-35B103059F3C}"
EndProject
Project("{FAE04EC0-301F-11D3-BF4B-00C04F79EFBC}") = "Stardust.Core.Azure", "Stardust.Core.Azure\Stardust.Core.Azure.csproj", "{F6B0865F-CE9E-4A35-9E4B-637927E9CCE8}"
EndProject
Project("{FAE04EC0-301F-11D3-BF4B-00C04F79EFBC}") = "ThreadSynchronizationTest", "ThreadSynchronizationTest\ThreadSynchronizationTest.csproj", "{1ACA8259-EF45-46F1-8BA6-21A61284B967}"
EndProject
Project("{FAE04EC0-301F-11D3-BF4B-00C04F79EFBC}") = "Stardust.Starterkit.Cache", "Stardust.Starterkit.Cache\Stardust.Starterkit.Cache.csproj", "{61DAFE3E-CC80-438A-9183-B165DC70A4C8}"
EndProject
Project("{FAE04EC0-301F-11D3-BF4B-00C04F79EFBC}") = "AuthenticationTestSite", "AuthenticationTestSite\AuthenticationTestSite.csproj", "{1E30E321-F6C6-4ADD-B8EE-43B9813CFF34}"
EndProject
Project("{FAE04EC0-301F-11D3-BF4B-00C04F79EFBC}") = "Stardust.Dimensions", "Stardust.Dimensions\Stardust.Dimensions.csproj", "{AC5F132B-DDE0-4621-BC8A-D8F853B33BD9}"
EndProject
Project("{FAE04EC0-301F-11D3-BF4B-00C04F79EFBC}") = "Stardust.Tooling", "Stardust.Tooling\Stardust.Tooling.csproj", "{26F06CB6-3398-4AB2-8B32-3CB250D075B8}"
EndProject
Project("{FAE04EC0-301F-11D3-BF4B-00C04F79EFBC}") = "GeneratorTest", "GeneratorTest\GeneratorTest.csproj", "{089EA33E-14C5-4138-B2AE-CB2293D7D122}"
EndProject
Project("{FAE04EC0-301F-11D3-BF4B-00C04F79EFBC}") = "Stardust.Accretion", "Stardust.Accretion\Stardust.Accretion.csproj", "{B7EEEB67-B909-40C7-AF80-4E673331F2CC}"
EndProject
Project("{2150E333-8FDC-42A3-9474-1A3956D46DE8}") = "Template", "Template", "{040485A2-FB62-481F-9808-AEEEF39F7F2B}"
EndProject
Project("{FAE04EC0-301F-11D3-BF4B-00C04F79EFBC}") = "StardustWebApplicationTemplate", "StardustWebApplicationTemplate\StardustWebApplicationTemplate.csproj", "{83F8DFBD-51EA-4FC4-9319-DBE9CA4CE51F}"
EndProject
Project("{FAE04EC0-301F-11D3-BF4B-00C04F79EFBC}") = "Stardust.Starterkit.Proxy", "Stardust.Starterkit.Proxy\Stardust.Starterkit.Proxy.csproj", "{CF81AA11-87B2-4A0D-B422-B13DFCAC1AB1}"
EndProject
Project("{2150E333-8FDC-42A3-9474-1A3956D46DE8}") = "StardustFramework", "StardustFramework", "{DC16F495-BF72-46C4-8C0A-7C52BF616649}"
EndProject
Project("{FAE04EC0-301F-11D3-BF4B-00C04F79EFBC}") = "StardustBasic", "Stardust\StardustBasic.csproj", "{2F13D683-6CF4-41B8-B5F2-0BE4F3AD3DBA}"
EndProject
Project("{FAE04EC0-301F-11D3-BF4B-00C04F79EFBC}") = "Stardust.js", "Stardust.js\Stardust.js.csproj", "{44D429B2-4449-4800-926C-8EDF5CDD6A95}"
EndProject
Global
	GlobalSection(SolutionConfigurationPlatforms) = preSolution
		Debug|Any CPU = Debug|Any CPU
		Debug|Mixed Platforms = Debug|Mixed Platforms
		Debug|x86 = Debug|x86
		Release|Any CPU = Release|Any CPU
		Release|Mixed Platforms = Release|Mixed Platforms
		Release|x86 = Release|x86
	EndGlobalSection
	GlobalSection(ProjectConfigurationPlatforms) = postSolution
		{43B8A582-ECD0-40CF-8C43-0458C99EADF9}.Debug|Any CPU.ActiveCfg = Debug|Any CPU
		{43B8A582-ECD0-40CF-8C43-0458C99EADF9}.Debug|Any CPU.Build.0 = Debug|Any CPU
		{43B8A582-ECD0-40CF-8C43-0458C99EADF9}.Debug|Mixed Platforms.ActiveCfg = Debug|Any CPU
		{43B8A582-ECD0-40CF-8C43-0458C99EADF9}.Debug|Mixed Platforms.Build.0 = Debug|Any CPU
		{43B8A582-ECD0-40CF-8C43-0458C99EADF9}.Debug|x86.ActiveCfg = Debug|Any CPU
		{43B8A582-ECD0-40CF-8C43-0458C99EADF9}.Release|Any CPU.ActiveCfg = Release|Any CPU
		{43B8A582-ECD0-40CF-8C43-0458C99EADF9}.Release|Any CPU.Build.0 = Release|Any CPU
		{43B8A582-ECD0-40CF-8C43-0458C99EADF9}.Release|Mixed Platforms.ActiveCfg = Release|Any CPU
		{43B8A582-ECD0-40CF-8C43-0458C99EADF9}.Release|Mixed Platforms.Build.0 = Release|Any CPU
		{43B8A582-ECD0-40CF-8C43-0458C99EADF9}.Release|x86.ActiveCfg = Release|Any CPU
		{E7B5173C-0F29-435A-9C1E-6BFB70FCAB96}.Debug|Any CPU.ActiveCfg = Debug|Any CPU
		{E7B5173C-0F29-435A-9C1E-6BFB70FCAB96}.Debug|Any CPU.Build.0 = Debug|Any CPU
		{E7B5173C-0F29-435A-9C1E-6BFB70FCAB96}.Debug|Mixed Platforms.ActiveCfg = Debug|Any CPU
		{E7B5173C-0F29-435A-9C1E-6BFB70FCAB96}.Debug|Mixed Platforms.Build.0 = Debug|Any CPU
		{E7B5173C-0F29-435A-9C1E-6BFB70FCAB96}.Debug|x86.ActiveCfg = Debug|Any CPU
		{E7B5173C-0F29-435A-9C1E-6BFB70FCAB96}.Release|Any CPU.ActiveCfg = Release|Any CPU
		{E7B5173C-0F29-435A-9C1E-6BFB70FCAB96}.Release|Any CPU.Build.0 = Release|Any CPU
		{E7B5173C-0F29-435A-9C1E-6BFB70FCAB96}.Release|Mixed Platforms.ActiveCfg = Release|Any CPU
		{E7B5173C-0F29-435A-9C1E-6BFB70FCAB96}.Release|Mixed Platforms.Build.0 = Release|Any CPU
		{E7B5173C-0F29-435A-9C1E-6BFB70FCAB96}.Release|x86.ActiveCfg = Release|Any CPU
		{C2619919-790C-4BEA-A71D-09204800F42A}.Debug|Any CPU.ActiveCfg = Debug|Any CPU
		{C2619919-790C-4BEA-A71D-09204800F42A}.Debug|Any CPU.Build.0 = Debug|Any CPU
		{C2619919-790C-4BEA-A71D-09204800F42A}.Debug|Mixed Platforms.ActiveCfg = Debug|Any CPU
		{C2619919-790C-4BEA-A71D-09204800F42A}.Debug|Mixed Platforms.Build.0 = Debug|Any CPU
		{C2619919-790C-4BEA-A71D-09204800F42A}.Debug|x86.ActiveCfg = Debug|Any CPU
		{C2619919-790C-4BEA-A71D-09204800F42A}.Release|Any CPU.ActiveCfg = Release|Any CPU
		{C2619919-790C-4BEA-A71D-09204800F42A}.Release|Any CPU.Build.0 = Release|Any CPU
		{C2619919-790C-4BEA-A71D-09204800F42A}.Release|Mixed Platforms.ActiveCfg = Release|Any CPU
		{C2619919-790C-4BEA-A71D-09204800F42A}.Release|Mixed Platforms.Build.0 = Release|Any CPU
		{C2619919-790C-4BEA-A71D-09204800F42A}.Release|x86.ActiveCfg = Release|Any CPU
		{14F19714-967F-4707-8EB9-9C94626AA4D5}.Debug|Any CPU.ActiveCfg = Debug|x86
		{14F19714-967F-4707-8EB9-9C94626AA4D5}.Debug|Mixed Platforms.ActiveCfg = Debug|x86
		{14F19714-967F-4707-8EB9-9C94626AA4D5}.Debug|Mixed Platforms.Build.0 = Debug|x86
		{14F19714-967F-4707-8EB9-9C94626AA4D5}.Debug|x86.ActiveCfg = Debug|x86
		{14F19714-967F-4707-8EB9-9C94626AA4D5}.Debug|x86.Build.0 = Debug|x86
		{14F19714-967F-4707-8EB9-9C94626AA4D5}.Release|Any CPU.ActiveCfg = Release|x86
		{14F19714-967F-4707-8EB9-9C94626AA4D5}.Release|Mixed Platforms.ActiveCfg = Release|x86
		{14F19714-967F-4707-8EB9-9C94626AA4D5}.Release|Mixed Platforms.Build.0 = Release|x86
		{14F19714-967F-4707-8EB9-9C94626AA4D5}.Release|x86.ActiveCfg = Release|x86
		{14F19714-967F-4707-8EB9-9C94626AA4D5}.Release|x86.Build.0 = Release|x86
		{48912721-7F69-4B72-B242-654761298787}.Debug|Any CPU.ActiveCfg = Debug|Any CPU
		{48912721-7F69-4B72-B242-654761298787}.Debug|Any CPU.Build.0 = Debug|Any CPU
		{48912721-7F69-4B72-B242-654761298787}.Debug|Mixed Platforms.ActiveCfg = Debug|Any CPU
		{48912721-7F69-4B72-B242-654761298787}.Debug|Mixed Platforms.Build.0 = Debug|Any CPU
		{48912721-7F69-4B72-B242-654761298787}.Debug|x86.ActiveCfg = Debug|Any CPU
		{48912721-7F69-4B72-B242-654761298787}.Release|Any CPU.ActiveCfg = Release|Any CPU
		{48912721-7F69-4B72-B242-654761298787}.Release|Any CPU.Build.0 = Release|Any CPU
		{48912721-7F69-4B72-B242-654761298787}.Release|Mixed Platforms.ActiveCfg = Release|Any CPU
		{48912721-7F69-4B72-B242-654761298787}.Release|Mixed Platforms.Build.0 = Release|Any CPU
		{48912721-7F69-4B72-B242-654761298787}.Release|x86.ActiveCfg = Release|Any CPU
		{65C15A3A-8B94-4C1E-A800-CBDBC04A5D82}.Debug|Any CPU.ActiveCfg = Debug|Any CPU
		{65C15A3A-8B94-4C1E-A800-CBDBC04A5D82}.Debug|Any CPU.Build.0 = Debug|Any CPU
		{65C15A3A-8B94-4C1E-A800-CBDBC04A5D82}.Debug|Mixed Platforms.ActiveCfg = Debug|Any CPU
		{65C15A3A-8B94-4C1E-A800-CBDBC04A5D82}.Debug|Mixed Platforms.Build.0 = Debug|Any CPU
		{65C15A3A-8B94-4C1E-A800-CBDBC04A5D82}.Debug|x86.ActiveCfg = Debug|Any CPU
		{65C15A3A-8B94-4C1E-A800-CBDBC04A5D82}.Release|Any CPU.ActiveCfg = Release|Any CPU
		{65C15A3A-8B94-4C1E-A800-CBDBC04A5D82}.Release|Any CPU.Build.0 = Release|Any CPU
		{65C15A3A-8B94-4C1E-A800-CBDBC04A5D82}.Release|Mixed Platforms.ActiveCfg = Release|Any CPU
		{65C15A3A-8B94-4C1E-A800-CBDBC04A5D82}.Release|x86.ActiveCfg = Release|Any CPU
		{E5ABF737-E26D-4FAD-A2FE-632CA985C85B}.Debug|Any CPU.ActiveCfg = Debug|Any CPU
		{E5ABF737-E26D-4FAD-A2FE-632CA985C85B}.Debug|Any CPU.Build.0 = Debug|Any CPU
		{E5ABF737-E26D-4FAD-A2FE-632CA985C85B}.Debug|Mixed Platforms.ActiveCfg = Debug|Any CPU
		{E5ABF737-E26D-4FAD-A2FE-632CA985C85B}.Debug|Mixed Platforms.Build.0 = Debug|Any CPU
		{E5ABF737-E26D-4FAD-A2FE-632CA985C85B}.Debug|x86.ActiveCfg = Debug|Any CPU
		{E5ABF737-E26D-4FAD-A2FE-632CA985C85B}.Release|Any CPU.ActiveCfg = Release|Any CPU
		{E5ABF737-E26D-4FAD-A2FE-632CA985C85B}.Release|Any CPU.Build.0 = Release|Any CPU
		{E5ABF737-E26D-4FAD-A2FE-632CA985C85B}.Release|Mixed Platforms.ActiveCfg = Release|Any CPU
		{E5ABF737-E26D-4FAD-A2FE-632CA985C85B}.Release|Mixed Platforms.Build.0 = Release|Any CPU
		{E5ABF737-E26D-4FAD-A2FE-632CA985C85B}.Release|x86.ActiveCfg = Release|Any CPU
		{DCA9421B-1581-43BB-BEEB-6788677823B8}.Debug|Any CPU.ActiveCfg = Debug|Any CPU
		{DCA9421B-1581-43BB-BEEB-6788677823B8}.Debug|Any CPU.Build.0 = Debug|Any CPU
		{DCA9421B-1581-43BB-BEEB-6788677823B8}.Debug|Mixed Platforms.ActiveCfg = Debug|Any CPU
		{DCA9421B-1581-43BB-BEEB-6788677823B8}.Debug|Mixed Platforms.Build.0 = Debug|Any CPU
		{DCA9421B-1581-43BB-BEEB-6788677823B8}.Debug|x86.ActiveCfg = Debug|Any CPU
		{DCA9421B-1581-43BB-BEEB-6788677823B8}.Release|Any CPU.ActiveCfg = Release|Any CPU
		{DCA9421B-1581-43BB-BEEB-6788677823B8}.Release|Any CPU.Build.0 = Release|Any CPU
		{DCA9421B-1581-43BB-BEEB-6788677823B8}.Release|Mixed Platforms.ActiveCfg = Release|Any CPU
		{DCA9421B-1581-43BB-BEEB-6788677823B8}.Release|Mixed Platforms.Build.0 = Release|Any CPU
		{DCA9421B-1581-43BB-BEEB-6788677823B8}.Release|x86.ActiveCfg = Release|Any CPU
		{4BF95275-C07A-4C62-AF87-185EAA89BF50}.Debug|Any CPU.ActiveCfg = Debug|Any CPU
		{4BF95275-C07A-4C62-AF87-185EAA89BF50}.Debug|Any CPU.Build.0 = Debug|Any CPU
		{4BF95275-C07A-4C62-AF87-185EAA89BF50}.Debug|Mixed Platforms.ActiveCfg = Debug|Any CPU
		{4BF95275-C07A-4C62-AF87-185EAA89BF50}.Debug|Mixed Platforms.Build.0 = Debug|Any CPU
		{4BF95275-C07A-4C62-AF87-185EAA89BF50}.Debug|x86.ActiveCfg = Debug|Any CPU
		{4BF95275-C07A-4C62-AF87-185EAA89BF50}.Release|Any CPU.ActiveCfg = Release|Any CPU
		{4BF95275-C07A-4C62-AF87-185EAA89BF50}.Release|Any CPU.Build.0 = Release|Any CPU
		{4BF95275-C07A-4C62-AF87-185EAA89BF50}.Release|Mixed Platforms.ActiveCfg = Release|Any CPU
		{4BF95275-C07A-4C62-AF87-185EAA89BF50}.Release|Mixed Platforms.Build.0 = Release|Any CPU
		{4BF95275-C07A-4C62-AF87-185EAA89BF50}.Release|x86.ActiveCfg = Release|Any CPU
		{A0BAE4D7-763C-44BF-82FD-31DB0DFDD881}.Debug|Any CPU.ActiveCfg = Debug|Any CPU
		{A0BAE4D7-763C-44BF-82FD-31DB0DFDD881}.Debug|Any CPU.Build.0 = Debug|Any CPU
		{A0BAE4D7-763C-44BF-82FD-31DB0DFDD881}.Debug|Mixed Platforms.ActiveCfg = Debug|Any CPU
		{A0BAE4D7-763C-44BF-82FD-31DB0DFDD881}.Debug|Mixed Platforms.Build.0 = Debug|Any CPU
		{A0BAE4D7-763C-44BF-82FD-31DB0DFDD881}.Debug|x86.ActiveCfg = Debug|Any CPU
		{A0BAE4D7-763C-44BF-82FD-31DB0DFDD881}.Release|Any CPU.ActiveCfg = Release|Any CPU
		{A0BAE4D7-763C-44BF-82FD-31DB0DFDD881}.Release|Any CPU.Build.0 = Release|Any CPU
		{A0BAE4D7-763C-44BF-82FD-31DB0DFDD881}.Release|Mixed Platforms.ActiveCfg = Release|Any CPU
		{A0BAE4D7-763C-44BF-82FD-31DB0DFDD881}.Release|Mixed Platforms.Build.0 = Release|Any CPU
		{A0BAE4D7-763C-44BF-82FD-31DB0DFDD881}.Release|x86.ActiveCfg = Release|Any CPU
		{21191EEE-C16F-4CC8-89C0-A9ADEF11CC45}.Debug|Any CPU.ActiveCfg = Debug|Any CPU
		{21191EEE-C16F-4CC8-89C0-A9ADEF11CC45}.Debug|Any CPU.Build.0 = Debug|Any CPU
		{21191EEE-C16F-4CC8-89C0-A9ADEF11CC45}.Debug|Mixed Platforms.ActiveCfg = Debug|Any CPU
		{21191EEE-C16F-4CC8-89C0-A9ADEF11CC45}.Debug|Mixed Platforms.Build.0 = Debug|Any CPU
		{21191EEE-C16F-4CC8-89C0-A9ADEF11CC45}.Debug|x86.ActiveCfg = Debug|Any CPU
		{21191EEE-C16F-4CC8-89C0-A9ADEF11CC45}.Release|Any CPU.ActiveCfg = Release|Any CPU
		{21191EEE-C16F-4CC8-89C0-A9ADEF11CC45}.Release|Any CPU.Build.0 = Release|Any CPU
		{21191EEE-C16F-4CC8-89C0-A9ADEF11CC45}.Release|Mixed Platforms.ActiveCfg = Release|Any CPU
		{21191EEE-C16F-4CC8-89C0-A9ADEF11CC45}.Release|Mixed Platforms.Build.0 = Release|Any CPU
		{21191EEE-C16F-4CC8-89C0-A9ADEF11CC45}.Release|x86.ActiveCfg = Release|Any CPU
		{0E6E90B8-E4E2-4DD7-B41A-411CBD2541F4}.Debug|Any CPU.ActiveCfg = Debug|Any CPU
		{0E6E90B8-E4E2-4DD7-B41A-411CBD2541F4}.Debug|Any CPU.Build.0 = Debug|Any CPU
		{0E6E90B8-E4E2-4DD7-B41A-411CBD2541F4}.Debug|Mixed Platforms.ActiveCfg = Debug|Any CPU
		{0E6E90B8-E4E2-4DD7-B41A-411CBD2541F4}.Debug|Mixed Platforms.Build.0 = Debug|Any CPU
		{0E6E90B8-E4E2-4DD7-B41A-411CBD2541F4}.Debug|x86.ActiveCfg = Debug|Any CPU
		{0E6E90B8-E4E2-4DD7-B41A-411CBD2541F4}.Release|Any CPU.ActiveCfg = Release|Any CPU
		{0E6E90B8-E4E2-4DD7-B41A-411CBD2541F4}.Release|Any CPU.Build.0 = Release|Any CPU
		{0E6E90B8-E4E2-4DD7-B41A-411CBD2541F4}.Release|Mixed Platforms.ActiveCfg = Release|Any CPU
		{0E6E90B8-E4E2-4DD7-B41A-411CBD2541F4}.Release|Mixed Platforms.Build.0 = Release|Any CPU
		{0E6E90B8-E4E2-4DD7-B41A-411CBD2541F4}.Release|x86.ActiveCfg = Release|Any CPU
		{3E85F2FE-E504-4872-83C3-615BBDE20AAC}.Debug|Any CPU.ActiveCfg = Debug|Any CPU
		{3E85F2FE-E504-4872-83C3-615BBDE20AAC}.Debug|Any CPU.Build.0 = Debug|Any CPU
		{3E85F2FE-E504-4872-83C3-615BBDE20AAC}.Debug|Mixed Platforms.ActiveCfg = Debug|Any CPU
		{3E85F2FE-E504-4872-83C3-615BBDE20AAC}.Debug|Mixed Platforms.Build.0 = Debug|Any CPU
		{3E85F2FE-E504-4872-83C3-615BBDE20AAC}.Debug|x86.ActiveCfg = Debug|Any CPU
		{3E85F2FE-E504-4872-83C3-615BBDE20AAC}.Release|Any CPU.ActiveCfg = Release|Any CPU
		{3E85F2FE-E504-4872-83C3-615BBDE20AAC}.Release|Any CPU.Build.0 = Release|Any CPU
		{3E85F2FE-E504-4872-83C3-615BBDE20AAC}.Release|Mixed Platforms.ActiveCfg = Release|Any CPU
		{3E85F2FE-E504-4872-83C3-615BBDE20AAC}.Release|Mixed Platforms.Build.0 = Release|Any CPU
		{3E85F2FE-E504-4872-83C3-615BBDE20AAC}.Release|x86.ActiveCfg = Release|Any CPU
		{3ED283E5-3038-48D4-8C75-AA168D543D97}.Debug|Any CPU.ActiveCfg = Debug|Any CPU
		{3ED283E5-3038-48D4-8C75-AA168D543D97}.Debug|Any CPU.Build.0 = Debug|Any CPU
		{3ED283E5-3038-48D4-8C75-AA168D543D97}.Debug|Mixed Platforms.ActiveCfg = Debug|Any CPU
		{3ED283E5-3038-48D4-8C75-AA168D543D97}.Debug|Mixed Platforms.Build.0 = Debug|Any CPU
		{3ED283E5-3038-48D4-8C75-AA168D543D97}.Debug|x86.ActiveCfg = Debug|Any CPU
		{3ED283E5-3038-48D4-8C75-AA168D543D97}.Release|Any CPU.ActiveCfg = Release|Any CPU
		{3ED283E5-3038-48D4-8C75-AA168D543D97}.Release|Any CPU.Build.0 = Release|Any CPU
		{3ED283E5-3038-48D4-8C75-AA168D543D97}.Release|Mixed Platforms.ActiveCfg = Release|Any CPU
		{3ED283E5-3038-48D4-8C75-AA168D543D97}.Release|Mixed Platforms.Build.0 = Release|Any CPU
		{3ED283E5-3038-48D4-8C75-AA168D543D97}.Release|x86.ActiveCfg = Release|Any CPU
		{C6822437-03B8-413E-8B28-4B1FFBA11E3A}.Debug|Any CPU.ActiveCfg = Debug|Any CPU
		{C6822437-03B8-413E-8B28-4B1FFBA11E3A}.Debug|Any CPU.Build.0 = Debug|Any CPU
		{C6822437-03B8-413E-8B28-4B1FFBA11E3A}.Debug|Mixed Platforms.ActiveCfg = Debug|Any CPU
		{C6822437-03B8-413E-8B28-4B1FFBA11E3A}.Debug|Mixed Platforms.Build.0 = Debug|Any CPU
		{C6822437-03B8-413E-8B28-4B1FFBA11E3A}.Debug|x86.ActiveCfg = Debug|Any CPU
		{C6822437-03B8-413E-8B28-4B1FFBA11E3A}.Release|Any CPU.ActiveCfg = Release|Any CPU
		{C6822437-03B8-413E-8B28-4B1FFBA11E3A}.Release|Any CPU.Build.0 = Release|Any CPU
		{C6822437-03B8-413E-8B28-4B1FFBA11E3A}.Release|Mixed Platforms.ActiveCfg = Release|Any CPU
		{C6822437-03B8-413E-8B28-4B1FFBA11E3A}.Release|Mixed Platforms.Build.0 = Release|Any CPU
		{C6822437-03B8-413E-8B28-4B1FFBA11E3A}.Release|x86.ActiveCfg = Release|Any CPU
		{BB5746A3-EC28-4882-BDFA-1BA67CD91FD2}.Debug|Any CPU.ActiveCfg = Debug|Any CPU
		{BB5746A3-EC28-4882-BDFA-1BA67CD91FD2}.Debug|Any CPU.Build.0 = Debug|Any CPU
		{BB5746A3-EC28-4882-BDFA-1BA67CD91FD2}.Debug|Mixed Platforms.ActiveCfg = Debug|Any CPU
		{BB5746A3-EC28-4882-BDFA-1BA67CD91FD2}.Debug|Mixed Platforms.Build.0 = Debug|Any CPU
		{BB5746A3-EC28-4882-BDFA-1BA67CD91FD2}.Debug|x86.ActiveCfg = Debug|Any CPU
		{BB5746A3-EC28-4882-BDFA-1BA67CD91FD2}.Release|Any CPU.ActiveCfg = Release|Any CPU
		{BB5746A3-EC28-4882-BDFA-1BA67CD91FD2}.Release|Any CPU.Build.0 = Release|Any CPU
		{BB5746A3-EC28-4882-BDFA-1BA67CD91FD2}.Release|Mixed Platforms.ActiveCfg = Release|Any CPU
		{BB5746A3-EC28-4882-BDFA-1BA67CD91FD2}.Release|Mixed Platforms.Build.0 = Release|Any CPU
		{BB5746A3-EC28-4882-BDFA-1BA67CD91FD2}.Release|x86.ActiveCfg = Release|Any CPU
		{C703C781-CB13-4595-8B54-31EFE121028E}.Debug|Any CPU.ActiveCfg = Debug|Any CPU
		{C703C781-CB13-4595-8B54-31EFE121028E}.Debug|Any CPU.Build.0 = Debug|Any CPU
		{C703C781-CB13-4595-8B54-31EFE121028E}.Debug|Mixed Platforms.ActiveCfg = Debug|Any CPU
		{C703C781-CB13-4595-8B54-31EFE121028E}.Debug|Mixed Platforms.Build.0 = Debug|Any CPU
		{C703C781-CB13-4595-8B54-31EFE121028E}.Debug|x86.ActiveCfg = Debug|Any CPU
		{C703C781-CB13-4595-8B54-31EFE121028E}.Release|Any CPU.ActiveCfg = Release|Any CPU
		{C703C781-CB13-4595-8B54-31EFE121028E}.Release|Any CPU.Build.0 = Release|Any CPU
		{C703C781-CB13-4595-8B54-31EFE121028E}.Release|Mixed Platforms.ActiveCfg = Release|Any CPU
		{C703C781-CB13-4595-8B54-31EFE121028E}.Release|Mixed Platforms.Build.0 = Release|Any CPU
		{C703C781-CB13-4595-8B54-31EFE121028E}.Release|x86.ActiveCfg = Release|Any CPU
		{5D1C9B85-82A1-484D-B93E-4A532959B9F7}.Debug|Any CPU.ActiveCfg = Debug|Any CPU
		{5D1C9B85-82A1-484D-B93E-4A532959B9F7}.Debug|Any CPU.Build.0 = Debug|Any CPU
		{5D1C9B85-82A1-484D-B93E-4A532959B9F7}.Debug|Mixed Platforms.ActiveCfg = Debug|Any CPU
		{5D1C9B85-82A1-484D-B93E-4A532959B9F7}.Debug|Mixed Platforms.Build.0 = Debug|Any CPU
		{5D1C9B85-82A1-484D-B93E-4A532959B9F7}.Debug|x86.ActiveCfg = Debug|Any CPU
		{5D1C9B85-82A1-484D-B93E-4A532959B9F7}.Release|Any CPU.ActiveCfg = Release|Any CPU
		{5D1C9B85-82A1-484D-B93E-4A532959B9F7}.Release|Any CPU.Build.0 = Release|Any CPU
		{5D1C9B85-82A1-484D-B93E-4A532959B9F7}.Release|Mixed Platforms.ActiveCfg = Release|Any CPU
		{5D1C9B85-82A1-484D-B93E-4A532959B9F7}.Release|Mixed Platforms.Build.0 = Release|Any CPU
		{5D1C9B85-82A1-484D-B93E-4A532959B9F7}.Release|x86.ActiveCfg = Release|Any CPU
		{4FE57988-F36D-45C5-A09F-35B103059F3C}.Debug|Any CPU.ActiveCfg = Debug|Any CPU
		{4FE57988-F36D-45C5-A09F-35B103059F3C}.Debug|Any CPU.Build.0 = Debug|Any CPU
		{4FE57988-F36D-45C5-A09F-35B103059F3C}.Debug|Mixed Platforms.ActiveCfg = Debug|Any CPU
		{4FE57988-F36D-45C5-A09F-35B103059F3C}.Debug|Mixed Platforms.Build.0 = Debug|Any CPU
		{4FE57988-F36D-45C5-A09F-35B103059F3C}.Debug|x86.ActiveCfg = Debug|Any CPU
		{4FE57988-F36D-45C5-A09F-35B103059F3C}.Release|Any CPU.ActiveCfg = Release|Any CPU
		{4FE57988-F36D-45C5-A09F-35B103059F3C}.Release|Any CPU.Build.0 = Release|Any CPU
		{4FE57988-F36D-45C5-A09F-35B103059F3C}.Release|Mixed Platforms.ActiveCfg = Release|Any CPU
		{4FE57988-F36D-45C5-A09F-35B103059F3C}.Release|Mixed Platforms.Build.0 = Release|Any CPU
		{4FE57988-F36D-45C5-A09F-35B103059F3C}.Release|x86.ActiveCfg = Release|Any CPU
		{F6B0865F-CE9E-4A35-9E4B-637927E9CCE8}.Debug|Any CPU.ActiveCfg = Debug|Any CPU
		{F6B0865F-CE9E-4A35-9E4B-637927E9CCE8}.Debug|Any CPU.Build.0 = Debug|Any CPU
		{F6B0865F-CE9E-4A35-9E4B-637927E9CCE8}.Debug|Mixed Platforms.ActiveCfg = Debug|Any CPU
		{F6B0865F-CE9E-4A35-9E4B-637927E9CCE8}.Debug|Mixed Platforms.Build.0 = Debug|Any CPU
		{F6B0865F-CE9E-4A35-9E4B-637927E9CCE8}.Debug|x86.ActiveCfg = Debug|Any CPU
		{F6B0865F-CE9E-4A35-9E4B-637927E9CCE8}.Release|Any CPU.ActiveCfg = Release|Any CPU
		{F6B0865F-CE9E-4A35-9E4B-637927E9CCE8}.Release|Any CPU.Build.0 = Release|Any CPU
		{F6B0865F-CE9E-4A35-9E4B-637927E9CCE8}.Release|Mixed Platforms.ActiveCfg = Release|Any CPU
		{F6B0865F-CE9E-4A35-9E4B-637927E9CCE8}.Release|Mixed Platforms.Build.0 = Release|Any CPU
		{F6B0865F-CE9E-4A35-9E4B-637927E9CCE8}.Release|x86.ActiveCfg = Release|Any CPU
		{1ACA8259-EF45-46F1-8BA6-21A61284B967}.Debug|Any CPU.ActiveCfg = Debug|Any CPU
		{1ACA8259-EF45-46F1-8BA6-21A61284B967}.Debug|Mixed Platforms.ActiveCfg = Debug|Any CPU
		{1ACA8259-EF45-46F1-8BA6-21A61284B967}.Debug|Mixed Platforms.Build.0 = Debug|Any CPU
		{1ACA8259-EF45-46F1-8BA6-21A61284B967}.Debug|x86.ActiveCfg = Debug|Any CPU
		{1ACA8259-EF45-46F1-8BA6-21A61284B967}.Release|Any CPU.ActiveCfg = Release|Any CPU
		{1ACA8259-EF45-46F1-8BA6-21A61284B967}.Release|Any CPU.Build.0 = Release|Any CPU
		{1ACA8259-EF45-46F1-8BA6-21A61284B967}.Release|Mixed Platforms.ActiveCfg = Release|Any CPU
		{1ACA8259-EF45-46F1-8BA6-21A61284B967}.Release|Mixed Platforms.Build.0 = Release|Any CPU
		{1ACA8259-EF45-46F1-8BA6-21A61284B967}.Release|x86.ActiveCfg = Release|Any CPU
		{61DAFE3E-CC80-438A-9183-B165DC70A4C8}.Debug|Any CPU.ActiveCfg = Debug|Any CPU
		{61DAFE3E-CC80-438A-9183-B165DC70A4C8}.Debug|Any CPU.Build.0 = Debug|Any CPU
		{61DAFE3E-CC80-438A-9183-B165DC70A4C8}.Debug|Mixed Platforms.ActiveCfg = Debug|Any CPU
		{61DAFE3E-CC80-438A-9183-B165DC70A4C8}.Debug|Mixed Platforms.Build.0 = Debug|Any CPU
		{61DAFE3E-CC80-438A-9183-B165DC70A4C8}.Debug|x86.ActiveCfg = Debug|Any CPU
		{61DAFE3E-CC80-438A-9183-B165DC70A4C8}.Release|Any CPU.ActiveCfg = Release|Any CPU
		{61DAFE3E-CC80-438A-9183-B165DC70A4C8}.Release|Any CPU.Build.0 = Release|Any CPU
		{61DAFE3E-CC80-438A-9183-B165DC70A4C8}.Release|Mixed Platforms.ActiveCfg = Release|Any CPU
		{61DAFE3E-CC80-438A-9183-B165DC70A4C8}.Release|Mixed Platforms.Build.0 = Release|Any CPU
		{61DAFE3E-CC80-438A-9183-B165DC70A4C8}.Release|x86.ActiveCfg = Release|Any CPU
		{1E30E321-F6C6-4ADD-B8EE-43B9813CFF34}.Debug|Any CPU.ActiveCfg = Debug|Any CPU
		{1E30E321-F6C6-4ADD-B8EE-43B9813CFF34}.Debug|Any CPU.Build.0 = Debug|Any CPU
		{1E30E321-F6C6-4ADD-B8EE-43B9813CFF34}.Debug|Mixed Platforms.ActiveCfg = Debug|Any CPU
		{1E30E321-F6C6-4ADD-B8EE-43B9813CFF34}.Debug|Mixed Platforms.Build.0 = Debug|Any CPU
		{1E30E321-F6C6-4ADD-B8EE-43B9813CFF34}.Debug|x86.ActiveCfg = Debug|Any CPU
		{1E30E321-F6C6-4ADD-B8EE-43B9813CFF34}.Release|Any CPU.ActiveCfg = Release|Any CPU
		{1E30E321-F6C6-4ADD-B8EE-43B9813CFF34}.Release|Any CPU.Build.0 = Release|Any CPU
		{1E30E321-F6C6-4ADD-B8EE-43B9813CFF34}.Release|Mixed Platforms.ActiveCfg = Release|Any CPU
		{1E30E321-F6C6-4ADD-B8EE-43B9813CFF34}.Release|Mixed Platforms.Build.0 = Release|Any CPU
		{1E30E321-F6C6-4ADD-B8EE-43B9813CFF34}.Release|x86.ActiveCfg = Release|Any CPU
		{AC5F132B-DDE0-4621-BC8A-D8F853B33BD9}.Debug|Any CPU.ActiveCfg = Debug|Any CPU
		{AC5F132B-DDE0-4621-BC8A-D8F853B33BD9}.Debug|Any CPU.Build.0 = Debug|Any CPU
		{AC5F132B-DDE0-4621-BC8A-D8F853B33BD9}.Debug|Mixed Platforms.ActiveCfg = Debug|Any CPU
		{AC5F132B-DDE0-4621-BC8A-D8F853B33BD9}.Debug|Mixed Platforms.Build.0 = Debug|Any CPU
		{AC5F132B-DDE0-4621-BC8A-D8F853B33BD9}.Debug|x86.ActiveCfg = Debug|Any CPU
		{AC5F132B-DDE0-4621-BC8A-D8F853B33BD9}.Release|Any CPU.ActiveCfg = Release|Any CPU
		{AC5F132B-DDE0-4621-BC8A-D8F853B33BD9}.Release|Any CPU.Build.0 = Release|Any CPU
		{AC5F132B-DDE0-4621-BC8A-D8F853B33BD9}.Release|Mixed Platforms.ActiveCfg = Release|Any CPU
		{AC5F132B-DDE0-4621-BC8A-D8F853B33BD9}.Release|Mixed Platforms.Build.0 = Release|Any CPU
		{AC5F132B-DDE0-4621-BC8A-D8F853B33BD9}.Release|x86.ActiveCfg = Release|Any CPU
		{26F06CB6-3398-4AB2-8B32-3CB250D075B8}.Debug|Any CPU.ActiveCfg = Debug|Any CPU
		{26F06CB6-3398-4AB2-8B32-3CB250D075B8}.Debug|Mixed Platforms.ActiveCfg = Debug|Any CPU
		{26F06CB6-3398-4AB2-8B32-3CB250D075B8}.Debug|Mixed Platforms.Build.0 = Debug|Any CPU
		{26F06CB6-3398-4AB2-8B32-3CB250D075B8}.Debug|x86.ActiveCfg = Debug|Any CPU
		{26F06CB6-3398-4AB2-8B32-3CB250D075B8}.Release|Any CPU.ActiveCfg = Release|Any CPU
		{26F06CB6-3398-4AB2-8B32-3CB250D075B8}.Release|Any CPU.Build.0 = Release|Any CPU
		{26F06CB6-3398-4AB2-8B32-3CB250D075B8}.Release|Mixed Platforms.ActiveCfg = Release|Any CPU
		{26F06CB6-3398-4AB2-8B32-3CB250D075B8}.Release|Mixed Platforms.Build.0 = Release|Any CPU
		{26F06CB6-3398-4AB2-8B32-3CB250D075B8}.Release|x86.ActiveCfg = Release|Any CPU
		{089EA33E-14C5-4138-B2AE-CB2293D7D122}.Debug|Any CPU.ActiveCfg = Debug|Any CPU
		{089EA33E-14C5-4138-B2AE-CB2293D7D122}.Debug|Mixed Platforms.ActiveCfg = Debug|Any CPU
		{089EA33E-14C5-4138-B2AE-CB2293D7D122}.Debug|Mixed Platforms.Build.0 = Debug|Any CPU
		{089EA33E-14C5-4138-B2AE-CB2293D7D122}.Debug|x86.ActiveCfg = Debug|Any CPU
		{089EA33E-14C5-4138-B2AE-CB2293D7D122}.Release|Any CPU.ActiveCfg = Release|Any CPU
		{089EA33E-14C5-4138-B2AE-CB2293D7D122}.Release|Any CPU.Build.0 = Release|Any CPU
		{089EA33E-14C5-4138-B2AE-CB2293D7D122}.Release|Mixed Platforms.ActiveCfg = Release|Any CPU
		{089EA33E-14C5-4138-B2AE-CB2293D7D122}.Release|Mixed Platforms.Build.0 = Release|Any CPU
		{089EA33E-14C5-4138-B2AE-CB2293D7D122}.Release|x86.ActiveCfg = Release|Any CPU
		{B7EEEB67-B909-40C7-AF80-4E673331F2CC}.Debug|Any CPU.ActiveCfg = Debug|Any CPU
		{B7EEEB67-B909-40C7-AF80-4E673331F2CC}.Debug|Any CPU.Build.0 = Debug|Any CPU
		{B7EEEB67-B909-40C7-AF80-4E673331F2CC}.Debug|Mixed Platforms.ActiveCfg = Debug|Any CPU
		{B7EEEB67-B909-40C7-AF80-4E673331F2CC}.Debug|Mixed Platforms.Build.0 = Debug|Any CPU
		{B7EEEB67-B909-40C7-AF80-4E673331F2CC}.Debug|x86.ActiveCfg = Debug|Any CPU
		{B7EEEB67-B909-40C7-AF80-4E673331F2CC}.Release|Any CPU.ActiveCfg = Release|Any CPU
		{B7EEEB67-B909-40C7-AF80-4E673331F2CC}.Release|Any CPU.Build.0 = Release|Any CPU
		{B7EEEB67-B909-40C7-AF80-4E673331F2CC}.Release|Mixed Platforms.ActiveCfg = Release|Any CPU
		{B7EEEB67-B909-40C7-AF80-4E673331F2CC}.Release|Mixed Platforms.Build.0 = Release|Any CPU
		{B7EEEB67-B909-40C7-AF80-4E673331F2CC}.Release|x86.ActiveCfg = Release|Any CPU
		{83F8DFBD-51EA-4FC4-9319-DBE9CA4CE51F}.Debug|Any CPU.ActiveCfg = Debug|Any CPU
		{83F8DFBD-51EA-4FC4-9319-DBE9CA4CE51F}.Debug|Any CPU.Build.0 = Debug|Any CPU
		{83F8DFBD-51EA-4FC4-9319-DBE9CA4CE51F}.Debug|Mixed Platforms.ActiveCfg = Debug|Any CPU
		{83F8DFBD-51EA-4FC4-9319-DBE9CA4CE51F}.Debug|Mixed Platforms.Build.0 = Debug|Any CPU
		{83F8DFBD-51EA-4FC4-9319-DBE9CA4CE51F}.Debug|x86.ActiveCfg = Debug|Any CPU
		{83F8DFBD-51EA-4FC4-9319-DBE9CA4CE51F}.Release|Any CPU.ActiveCfg = Release|Any CPU
		{83F8DFBD-51EA-4FC4-9319-DBE9CA4CE51F}.Release|Any CPU.Build.0 = Release|Any CPU
		{83F8DFBD-51EA-4FC4-9319-DBE9CA4CE51F}.Release|Mixed Platforms.ActiveCfg = Release|Any CPU
		{83F8DFBD-51EA-4FC4-9319-DBE9CA4CE51F}.Release|Mixed Platforms.Build.0 = Release|Any CPU
		{83F8DFBD-51EA-4FC4-9319-DBE9CA4CE51F}.Release|x86.ActiveCfg = Release|Any CPU
		{CF81AA11-87B2-4A0D-B422-B13DFCAC1AB1}.Debug|Any CPU.ActiveCfg = Debug|Any CPU
		{CF81AA11-87B2-4A0D-B422-B13DFCAC1AB1}.Debug|Any CPU.Build.0 = Debug|Any CPU
		{CF81AA11-87B2-4A0D-B422-B13DFCAC1AB1}.Debug|Mixed Platforms.ActiveCfg = Debug|Any CPU
		{CF81AA11-87B2-4A0D-B422-B13DFCAC1AB1}.Debug|Mixed Platforms.Build.0 = Debug|Any CPU
		{CF81AA11-87B2-4A0D-B422-B13DFCAC1AB1}.Debug|x86.ActiveCfg = Debug|Any CPU
		{CF81AA11-87B2-4A0D-B422-B13DFCAC1AB1}.Release|Any CPU.ActiveCfg = Release|Any CPU
		{CF81AA11-87B2-4A0D-B422-B13DFCAC1AB1}.Release|Any CPU.Build.0 = Release|Any CPU
		{CF81AA11-87B2-4A0D-B422-B13DFCAC1AB1}.Release|Mixed Platforms.ActiveCfg = Release|Any CPU
		{CF81AA11-87B2-4A0D-B422-B13DFCAC1AB1}.Release|Mixed Platforms.Build.0 = Release|Any CPU
		{CF81AA11-87B2-4A0D-B422-B13DFCAC1AB1}.Release|x86.ActiveCfg = Release|Any CPU
		{2F13D683-6CF4-41B8-B5F2-0BE4F3AD3DBA}.Debug|Any CPU.ActiveCfg = Debug|Any CPU
		{2F13D683-6CF4-41B8-B5F2-0BE4F3AD3DBA}.Debug|Any CPU.Build.0 = Debug|Any CPU
		{2F13D683-6CF4-41B8-B5F2-0BE4F3AD3DBA}.Debug|Mixed Platforms.ActiveCfg = Debug|Any CPU
		{2F13D683-6CF4-41B8-B5F2-0BE4F3AD3DBA}.Debug|Mixed Platforms.Build.0 = Debug|Any CPU
		{2F13D683-6CF4-41B8-B5F2-0BE4F3AD3DBA}.Debug|x86.ActiveCfg = Debug|Any CPU
		{2F13D683-6CF4-41B8-B5F2-0BE4F3AD3DBA}.Release|Any CPU.ActiveCfg = Release|Any CPU
		{2F13D683-6CF4-41B8-B5F2-0BE4F3AD3DBA}.Release|Any CPU.Build.0 = Release|Any CPU
		{2F13D683-6CF4-41B8-B5F2-0BE4F3AD3DBA}.Release|Mixed Platforms.ActiveCfg = Release|Any CPU
		{2F13D683-6CF4-41B8-B5F2-0BE4F3AD3DBA}.Release|Mixed Platforms.Build.0 = Release|Any CPU
		{2F13D683-6CF4-41B8-B5F2-0BE4F3AD3DBA}.Release|x86.ActiveCfg = Release|Any CPU
		{44D429B2-4449-4800-926C-8EDF5CDD6A95}.Debug|Any CPU.ActiveCfg = Debug|Any CPU
		{44D429B2-4449-4800-926C-8EDF5CDD6A95}.Debug|Any CPU.Build.0 = Debug|Any CPU
		{44D429B2-4449-4800-926C-8EDF5CDD6A95}.Debug|Mixed Platforms.ActiveCfg = Debug|Any CPU
		{44D429B2-4449-4800-926C-8EDF5CDD6A95}.Debug|Mixed Platforms.Build.0 = Debug|Any CPU
		{44D429B2-4449-4800-926C-8EDF5CDD6A95}.Debug|x86.ActiveCfg = Debug|Any CPU
		{44D429B2-4449-4800-926C-8EDF5CDD6A95}.Release|Any CPU.ActiveCfg = Release|Any CPU
		{44D429B2-4449-4800-926C-8EDF5CDD6A95}.Release|Any CPU.Build.0 = Release|Any CPU
		{44D429B2-4449-4800-926C-8EDF5CDD6A95}.Release|Mixed Platforms.ActiveCfg = Release|Any CPU
		{44D429B2-4449-4800-926C-8EDF5CDD6A95}.Release|Mixed Platforms.Build.0 = Release|Any CPU
		{44D429B2-4449-4800-926C-8EDF5CDD6A95}.Release|x86.ActiveCfg = Release|Any CPU
	EndGlobalSection
	GlobalSection(SolutionProperties) = preSolution
		HideSolutionNode = FALSE
	EndGlobalSection
	GlobalSection(NestedProjects) = preSolution
		{C2619919-790C-4BEA-A71D-09204800F42A} = {1870B783-DCCB-4462-9003-5B6C2071B8F1}
		{14F19714-967F-4707-8EB9-9C94626AA4D5} = {1870B783-DCCB-4462-9003-5B6C2071B8F1}
		{65C15A3A-8B94-4C1E-A800-CBDBC04A5D82} = {4E452E03-43C0-4B64-9252-EB8809B8BD54}
		{4BF95275-C07A-4C62-AF87-185EAA89BF50} = {9516E2C2-A928-4289-945E-8DE02CF3AEBD}
		{A0BAE4D7-763C-44BF-82FD-31DB0DFDD881} = {9516E2C2-A928-4289-945E-8DE02CF3AEBD}
		{21191EEE-C16F-4CC8-89C0-A9ADEF11CC45} = {9516E2C2-A928-4289-945E-8DE02CF3AEBD}
		{9516E2C2-A928-4289-945E-8DE02CF3AEBD} = {BDF688A8-743F-4D4F-9F6B-1B8777FD2EAA}
		{0E6E90B8-E4E2-4DD7-B41A-411CBD2541F4} = {9516E2C2-A928-4289-945E-8DE02CF3AEBD}
		{C6822437-03B8-413E-8B28-4B1FFBA11E3A} = {7E900BCA-29C3-4A70-A00B-FC8710E0E091}
		{BB5746A3-EC28-4882-BDFA-1BA67CD91FD2} = {1870B783-DCCB-4462-9003-5B6C2071B8F1}
		{C703C781-CB13-4595-8B54-31EFE121028E} = {A2F37E64-A713-4679-8E04-DC27BD2767F2}
		{5D1C9B85-82A1-484D-B93E-4A532959B9F7} = {386D578F-22DB-4DA2-95FD-971257218074}
		{4FE57988-F36D-45C5-A09F-35B103059F3C} = {386D578F-22DB-4DA2-95FD-971257218074}
		{1ACA8259-EF45-46F1-8BA6-21A61284B967} = {1870B783-DCCB-4462-9003-5B6C2071B8F1}
		{61DAFE3E-CC80-438A-9183-B165DC70A4C8} = {9516E2C2-A928-4289-945E-8DE02CF3AEBD}
		{83F8DFBD-51EA-4FC4-9319-DBE9CA4CE51F} = {040485A2-FB62-481F-9808-AEEEF39F7F2B}
		{CF81AA11-87B2-4A0D-B422-B13DFCAC1AB1} = {9516E2C2-A928-4289-945E-8DE02CF3AEBD}
		{2F13D683-6CF4-41B8-B5F2-0BE4F3AD3DBA} = {DC16F495-BF72-46C4-8C0A-7C52BF616649}
		{44D429B2-4449-4800-926C-8EDF5CDD6A95} = {DC16F495-BF72-46C4-8C0A-7C52BF616649}
	EndGlobalSection
	GlobalSection(TestCaseManagementSettings) = postSolution
		CategoryFile = Stardust.Core1.vsmdi
	EndGlobalSection
EndGlobal
